<Solution>
  <Folder Name="/src/">
    <Project Path="src/TelcoLab.Api/TelcoLab.Api.csproj" />
    <Project Path="src/TelcoLab.ClearingHouse.Contracts/TelcoLab.ClearingHouse.Contracts.csproj" />
    <Project Path="src/TelcoLab.ClearingHouse/TelcoLab.ClearingHouse.csproj" />
    <Project Path="src/TelcoLab.Domain/TelcoLab.Domain.csproj" />
  </Folder>
  <Folder Name="/tests/">
    <Project Path="tests/TelcoLab.Tests/TelcoLab.Tests.csproj" />
  </Folder>
</Solution>
